
Microsoft Visual Studio Solution File, Format Version 12.00
# Visual Studio Version 17
VisualStudioVersion = 17.9.34723.18
MinimumVisualStudioVersion = 10.0.40219.1
Project("{FAE04EC0-301F-11D3-BF4B-00C04F79EFBC}") = "BookStore", "BookStore\BookStore.csproj", "{FE62BD60-AE92-41FB-87E7-031EB5691473}"
EndProject
Global
	GlobalSection(SolutionConfigurationPlatforms) = preSolution
		Debug|Any CPU = Debug|Any CPU
		Release|Any CPU = Release|Any CPU
	EndGlobalSection
	GlobalSection(ProjectConfigurationPlatforms) = postSolution
		{FE62BD60-AE92-41FB-87E7-031EB5691473}.Debug|Any CPU.ActiveCfg = Debug|Any CPU
		{FE62BD60-AE92-41FB-87E7-031EB5691473}.Debug|Any CPU.Build.0 = Debug|Any CPU
		{FE62BD60-AE92-41FB-87E7-031EB5691473}.Release|Any CPU.ActiveCfg = Release|Any CPU
		{FE62BD60-AE92-41FB-87E7-031EB5691473}.Release|Any CPU.Build.0 = Release|Any CPU
	EndGlobalSection
	GlobalSection(SolutionProperties) = preSolution
		HideSolutionNode = FALSE
	EndGlobalSection
	GlobalSection(ExtensibilityGlobals) = postSolution
		SolutionGuid = {04560367-7A9E-4CA3-BA01-F56CADD02A3A}
	EndGlobalSection
EndGlobal
